// !$*UTF8*$!
{
	archiveVersion = 1;
	classes = {
	};
	objectVersion = 55;
	objects = {

/* Begin PBXBuildFile section */
		FE03158528AEB3AC00653436 /* AppDelegate.swift in Sources */ = {isa = PBXBuildFile; fileRef = FE03158428AEB3AC00653436 /* AppDelegate.swift */; };
		FE03158728AEB3AC00653436 /* SceneDelegate.swift in Sources */ = {isa = PBXBuildFile; fileRef = FE03158628AEB3AC00653436 /* SceneDelegate.swift */; };
		FE03158928AEB3AC00653436 /* ViewController.swift in Sources */ = {isa = PBXBuildFile; fileRef = FE03158828AEB3AC00653436 /* ViewController.swift */; };
		FE03158C28AEB3AC00653436 /* Main.storyboard in Resources */ = {isa = PBXBuildFile; fileRef = FE03158A28AEB3AC00653436 /* Main.storyboard */; };
		FE03158E28AEB3AE00653436 /* Assets.xcassets in Resources */ = {isa = PBXBuildFile; fileRef = FE03158D28AEB3AE00653436 /* Assets.xcassets */; };
		FE03159128AEB3AE00653436 /* LaunchScreen.storyboard in Resources */ = {isa = PBXBuildFile; fileRef = FE03158F28AEB3AE00653436 /* LaunchScreen.storyboard */; };
		FE03159C28AEB3AF00653436 /* preworkTests.swift in Sources */ = {isa = PBXBuildFile; fileRef = FE03159B28AEB3AF00653436 /* preworkTests.swift */; };
		FE0315A628AEB3AF00653436 /* preworkUITests.swift in Sources */ = {isa = PBXBuildFile; fileRef = FE0315A528AEB3AF00653436 /* preworkUITests.swift */; };
		FE0315A828AEB3AF00653436 /* preworkUITestsLaunchTests.swift in Sources */ = {isa = PBXBuildFile; fileRef = FE0315A728AEB3AF00653436 /* preworkUITestsLaunchTests.swift */; };
/* End PBXBuildFile section */

/* Begin PBXContainerItemProxy section */
		FE03159828AEB3AF00653436 /* PBXContainerItemProxy */ = {
			isa = PBXContainerItemProxy;
			containerPortal = FE03157928AEB3AC00653436 /* Project object */;
			proxyType = 1;
			remoteGlobalIDString = FE03158028AEB3AC00653436;
			remoteInfo = prework;
		};
		FE0315A228AEB3AF00653436 /* PBXContainerItemProxy */ = {
			isa = PBXContainerItemProxy;
			containerPortal = FE03157928AEB3AC00653436 /* Project object */;
			proxyType = 1;
			remoteGlobalIDString = FE03158028AEB3AC00653436;
			remoteInfo = prework;
		};
/* End PBXContainerItemProxy section */

/* Begin PBXFileReference section */
		FE03158128AEB3AC00653436 /* prework.app */ = {isa = PBXFileReference; explicitFileType = wrapper.application; includeInIndex = 0; path = prework.app; sourceTree = BUILT_PRODUCTS_DIR; };
		FE03158428AEB3AC00653436 /* AppDelegate.swift */ = {isa = PBXFileReference; lastKnownFileType = sourcecode.swift; path = AppDelegate.swift; sourceTree = "<group>"; };
		FE03158628AEB3AC00653436 /* SceneDelegate.swift */ = {isa = PBXFileReference; lastKnownFileType = sourcecode.swift; path = SceneDelegate.swift; sourceTree = "<group>"; };
		FE03158828AEB3AC00653436 /* ViewController.swift */ = {isa = PBXFileReference; lastKnownFileType = sourcecode.swift; path = ViewController.swift; sourceTree = "<group>"; };
		FE03158B28AEB3AC00653436 /* Base */ = {isa = PBXFileReference; lastKnownFileType = file.storyboard; name = Base; path = Base.lproj/Main.storyboard; sourceTree = "<group>"; };
		FE03158D28AEB3AE00653436 /* Assets.xcassets */ = {isa = PBXFileReference; lastKnownFileType = folder.assetcatalog; path = Assets.xcassets; sourceTree = "<group>"; };
		FE03159028AEB3AE00653436 /* Base */ = {isa = PBXFileReference; lastKnownFileType = file.storyboard; name = Base; path = Base.lproj/LaunchScreen.storyboard; sourceTree = "<group>"; };
		FE03159228AEB3AE00653436 /* Info.plist */ = {isa = PBXFileReference; lastKnownFileType = text.plist.xml; path = Info.plist; sourceTree = "<group>"; };
		FE03159728AEB3AF00653436 /* preworkTests.xctest */ = {isa = PBXFileReference; explicitFileType = wrapper.cfbundle; includeInIndex = 0; path = preworkTests.xctest; sourceTree = BUILT_PRODUCTS_DIR; };
		FE03159B28AEB3AF00653436 /* preworkTests.swift */ = {isa = PBXFileReference; lastKnownFileType = sourcecode.swift; path = preworkTests.swift; sourceTree = "<group>"; };
		FE0315A128AEB3AF00653436 /* preworkUITests.xctest */ = {isa = PBXFileReference; explicitFileType = wrapper.cfbundle; includeInIndex = 0; path = preworkUITests.xctest; sourceTree = BUILT_PRODUCTS_DIR; };
		FE0315A528AEB3AF00653436 /* preworkUITests.swift */ = {isa = PBXFileReference; lastKnownFileType = sourcecode.swift; path = preworkUITests.swift; sourceTree = "<group>"; };
		FE0315A728AEB3AF00653436 /* preworkUITestsLaunchTests.swift */ = {isa = PBXFileReference; lastKnownFileType = sourcecode.swift; path = preworkUITestsLaunchTests.swift; sourceTree = "<group>"; };
/* End PBXFileReference section */

/* Begin PBXFrameworksBuildPhase section */
		FE03157E28AEB3AC00653436 /* Frameworks */ = {
			isa = PBXFrameworksBuildPhase;
			buildActionMask = 2147483647;
			files = (
			);
			runOnlyForDeploymentPostprocessing = 0;
		};
		FE03159428AEB3AF00653436 /* Frameworks */ = {
			isa = PBXFrameworksBuildPhase;
			buildActionMask = 2147483647;
			files = (
			);
			runOnlyForDeploymentPostprocessing = 0;
		};
		FE03159E28AEB3AF00653436 /* Frameworks */ = {
			isa = PBXFrameworksBuildPhase;
			buildActionMask = 2147483647;
			files = (
			);
			runOnlyForDeploymentPostprocessing = 0;
		};
/* End PBXFrameworksBuildPhase section */

/* Begin PBXGroup section */
		FE03157828AEB3AC00653436 = {
			isa = PBXGroup;
			children = (
				FE03158328AEB3AC00653436 /* prework */,
				FE03159A28AEB3AF00653436 /* preworkTests */,
				FE0315A428AEB3AF00653436 /* preworkUITests */,
				FE03158228AEB3AC00653436 /* Products */,
			);
			sourceTree = "<group>";
		};
		FE03158228AEB3AC00653436 /* Products */ = {
			isa = PBXGroup;
			children = (
				FE03158128AEB3AC00653436 /* prework.app */,
				FE03159728AEB3AF00653436 /* preworkTests.xctest */,
				FE0315A128AEB3AF00653436 /* preworkUITests.xctest */,
			);
			name = Products;
			sourceTree = "<group>";
		};
		FE03158328AEB3AC00653436 /* prework */ = {
			isa = PBXGroup;
			children = (
				FE03158428AEB3AC00653436 /* AppDelegate.swift */,
				FE03158628AEB3AC00653436 /* SceneDelegate.swift */,
				FE03158828AEB3AC00653436 /* ViewController.swift */,
				FE03158A28AEB3AC00653436 /* Main.storyboard */,
				FE03158D28AEB3AE00653436 /* Assets.xcassets */,
				FE03158F28AEB3AE00653436 /* LaunchScreen.storyboard */,
				FE03159228AEB3AE00653436 /* Info.plist */,
			);
			path = prework;
			sourceTree = "<group>";
		};
		FE03159A28AEB3AF00653436 /* preworkTests */ = {
			isa = PBXGroup;
			children = (
				FE03159B28AEB3AF00653436 /* preworkTests.swift */,
			);
			path = preworkTests;
			sourceTree = "<group>";
		};
		FE0315A428AEB3AF00653436 /* preworkUITests */ = {
			isa = PBXGroup;
			children = (
				FE0315A528AEB3AF00653436 /* preworkUITests.swift */,
				FE0315A728AEB3AF00653436 /* preworkUITestsLaunchTests.swift */,
			);
			path = preworkUITests;
			sourceTree = "<group>";
		};
/* End PBXGroup section */

/* Begin PBXNativeTarget section */
		FE03158028AEB3AC00653436 /* prework */ = {
			isa = PBXNativeTarget;
			buildConfigurationList = FE0315AB28AEB3AF00653436 /* Build configuration list for PBXNativeTarget "prework" */;
			buildPhases = (
				FE03157D28AEB3AC00653436 /* Sources */,
				FE03157E28AEB3AC00653436 /* Frameworks */,
				FE03157F28AEB3AC00653436 /* Resources */,
			);
			buildRules = (
			);
			dependencies = (
			);
			name = prework;
			productName = prework;
			productReference = FE03158128AEB3AC00653436 /* prework.app */;
			productType = "com.apple.product-type.application";
		};
		FE03159628AEB3AF00653436 /* preworkTests */ = {
			isa = PBXNativeTarget;
			buildConfigurationList = FE0315AE28AEB3AF00653436 /* Build configuration list for PBXNativeTarget "preworkTests" */;
			buildPhases = (
				FE03159328AEB3AF00653436 /* Sources */,
				FE03159428AEB3AF00653436 /* Frameworks */,
				FE03159528AEB3AF00653436 /* Resources */,
			);
			buildRules = (
			);
			dependencies = (
				FE03159928AEB3AF00653436 /* PBXTargetDependency */,
			);
			name = preworkTests;
			productName = preworkTests;
			productReference = FE03159728AEB3AF00653436 /* preworkTests.xctest */;
			productType = "com.apple.product-type.bundle.unit-test";
		};
		FE0315A028AEB3AF00653436 /* preworkUITests */ = {
			isa = PBXNativeTarget;
			buildConfigurationList = FE0315B128AEB3AF00653436 /* Build configuration list for PBXNativeTarget "preworkUITests" */;
			buildPhases = (
				FE03159D28AEB3AF00653436 /* Sources */,
				FE03159E28AEB3AF00653436 /* Frameworks */,
				FE03159F28AEB3AF00653436 /* Resources */,
			);
			buildRules = (
			);
			dependencies = (
				FE0315A328AEB3AF00653436 /* PBXTargetDependency */,
			);
			name = preworkUITests;
			productName = preworkUITests;
			productReference = FE0315A128AEB3AF00653436 /* preworkUITests.xctest */;
			productType = "com.apple.product-type.bundle.ui-testing";
		};
/* End PBXNativeTarget section */

/* Begin PBXProject section */
		FE03157928AEB3AC00653436 /* Project object */ = {
			isa = PBXProject;
			attributes = {
				BuildIndependentTargetsInParallel = 1;
				LastSwiftUpdateCheck = 1340;
				LastUpgradeCheck = 1340;
				TargetAttributes = {
					FE03158028AEB3AC00653436 = {
						CreatedOnToolsVersion = 13.4.1;
					};
					FE03159628AEB3AF00653436 = {
						CreatedOnToolsVersion = 13.4.1;
						TestTargetID = FE03158028AEB3AC00653436;
					};
					FE0315A028AEB3AF00653436 = {
						CreatedOnToolsVersion = 13.4.1;
						TestTargetID = FE03158028AEB3AC00653436;
					};
				};
			};
			buildConfigurationList = FE03157C28AEB3AC00653436 /* Build configuration list for PBXProject "prework" */;
			compatibilityVersion = "Xcode 13.0";
			developmentRegion = en;
			hasScannedForEncodings = 0;
			knownRegions = (
				en,
				Base,
			);
			mainGroup = FE03157828AEB3AC00653436;
			productRefGroup = FE03158228AEB3AC00653436 /* Products */;
			projectDirPath = "";
			projectRoot = "";
			targets = (
				FE03158028AEB3AC00653436 /* prework */,
				FE03159628AEB3AF00653436 /* preworkTests */,
				FE0315A028AEB3AF00653436 /* preworkUITests */,
			);
		};
/* End PBXProject section */

/* Begin PBXResourcesBuildPhase section */
		FE03157F28AEB3AC00653436 /* Resources */ = {
			isa = PBXResourcesBuildPhase;
			buildActionMask = 2147483647;
			files = (
				FE03159128AEB3AE00653436 /* LaunchScreen.storyboard in Resources */,
				FE03158E28AEB3AE00653436 /* Assets.xcassets in Resources */,
				FE03158C28AEB3AC00653436 /* Main.storyboard in Resources */,
			);
			runOnlyForDeploymentPostprocessing = 0;
		};
		FE03159528AEB3AF00653436 /* Resources */ = {
			isa = PBXResourcesBuildPhase;
			buildActionMask = 2147483647;
			files = (
			);
			runOnlyForDeploymentPostprocessing = 0;
		};
		FE03159F28AEB3AF00653436 /* Resources */ = {
			isa = PBXResourcesBuildPhase;
			buildActionMask = 2147483647;
			files = (
			);
			runOnlyForDeploymentPostprocessing = 0;
		};
/* End PBXResourcesBuildPhase section */

/* Begin PBXSourcesBuildPhase section */
		FE03157D28AEB3AC00653436 /* Sources */ = {
			isa = PBXSourcesBuildPhase;
			buildActionMask = 2147483647;
			files = (
				FE03158928AEB3AC00653436 /* ViewController.swift in Sources */,
				FE03158528AEB3AC00653436 /* AppDelegate.swift in Sources */,
				FE03158728AEB3AC00653436 /* SceneDelegate.swift in Sources */,
			);
			runOnlyForDeploymentPostprocessing = 0;
		};
		FE03159328AEB3AF00653436 /* Sources */ = {
			isa = PBXSourcesBuildPhase;
			buildActionMask = 2147483647;
			files = (
				FE03159C28AEB3AF00653436 /* preworkTests.swift in Sources */,
			);
			runOnlyForDeploymentPostprocessing = 0;
		};
		FE03159D28AEB3AF00653436 /* Sources */ = {
			isa = PBXSourcesBuildPhase;
			buildActionMask = 2147483647;
			files = (
				FE0315A628AEB3AF00653436 /* preworkUITests.swift in Sources */,
				FE0315A828AEB3AF00653436 /* preworkUITestsLaunchTests.swift in Sources */,
			);
			runOnlyForDeploymentPostprocessing = 0;
		};
/* End PBXSourcesBuildPhase section */

/* Begin PBXTargetDependency section */
		FE03159928AEB3AF00653436 /* PBXTargetDependency */ = {
			isa = PBXTargetDependency;
			target = FE03158028AEB3AC00653436 /* prework */;
			targetProxy = FE03159828AEB3AF00653436 /* PBXContainerItemProxy */;
		};
		FE0315A328AEB3AF00653436 /* PBXTargetDependency */ = {
			isa = PBXTargetDependency;
			target = FE03158028AEB3AC00653436 /* prework */;
			targetProxy = FE0315A228AEB3AF00653436 /* PBXContainerItemProxy */;
		};
/* End PBXTargetDependency section */

/* Begin PBXVariantGroup section */
		FE03158A28AEB3AC00653436 /* Main.storyboard */ = {
			isa = PBXVariantGroup;
			children = (
				FE03158B28AEB3AC00653436 /* Base */,
			);
			name = Main.storyboard;
			sourceTree = "<group>";
		};
		FE03158F28AEB3AE00653436 /* LaunchScreen.storyboard */ = {
			isa = PBXVariantGroup;
			children = (
				FE03159028AEB3AE00653436 /* Base */,
			);
			name = LaunchScreen.storyboard;
			sourceTree = "<group>";
		};
/* End PBXVariantGroup section */

/* Begin XCBuildConfiguration section */
		FE0315A928AEB3AF00653436 /* Debug */ = {
			isa = XCBuildConfiguration;
			buildSettings = {
				ALWAYS_SEARCH_USER_PATHS = NO;
				CLANG_ANALYZER_NONNULL = YES;
				CLANG_ANALYZER_NUMBER_OBJECT_CONVERSION = YES_AGGRESSIVE;
				CLANG_CXX_LANGUAGE_STANDARD = "gnu++17";
				CLANG_ENABLE_MODULES = YES;
				CLANG_ENABLE_OBJC_ARC = YES;
				CLANG_ENABLE_OBJC_WEAK = YES;
				CLANG_WARN_BLOCK_CAPTURE_AUTORELEASING = YES;
				CLANG_WARN_BOOL_CONVERSION = YES;
				CLANG_WARN_COMMA = YES;
				CLANG_WARN_CONSTANT_CONVERSION = YES;
				CLANG_WARN_DEPRECATED_OBJC_IMPLEMENTATIONS = YES;
				CLANG_WARN_DIRECT_OBJC_ISA_USAGE = YES_ERROR;
				CLANG_WARN_DOCUMENTATION_COMMENTS = YES;
				CLANG_WARN_EMPTY_BODY = YES;
				CLANG_WARN_ENUM_CONVERSION = YES;
				CLANG_WARN_INFINITE_RECURSION = YES;
				CLANG_WARN_INT_CONVERSION = YES;
				CLANG_WARN_NON_LITERAL_NULL_CONVERSION = YES;
				CLANG_WARN_OBJC_IMPLICIT_RETAIN_SELF = YES;
				CLANG_WARN_OBJC_LITERAL_CONVERSION = YES;
				CLANG_WARN_OBJC_ROOT_CLASS = YES_ERROR;
				CLANG_WARN_QUOTED_INCLUDE_IN_FRAMEWORK_HEADER = YES;
				CLANG_WARN_RANGE_LOOP_ANALYSIS = YES;
				CLANG_WARN_STRICT_PROTOTYPES = YES;
				CLANG_WARN_SUSPICIOUS_MOVE = YES;
				CLANG_WARN_UNGUARDED_AVAILABILITY = YES_AGGRESSIVE;
				CLANG_WARN_UNREACHABLE_CODE = YES;
				CLANG_WARN__DUPLICATE_METHOD_MATCH = YES;
				COPY_PHASE_STRIP = NO;
				DEBUG_INFORMATION_FORMAT = dwarf;
				ENABLE_STRICT_OBJC_MSGSEND = YES;
				ENABLE_TESTABILITY = YES;
				GCC_C_LANGUAGE_STANDARD = gnu11;
				GCC_DYNAMIC_NO_PIC = NO;
				GCC_NO_COMMON_BLOCKS = YES;
				GCC_OPTIMIZATION_LEVEL = 0;
				GCC_PREPROCESSOR_DEFINITIONS = (
					"DEBUG=1",
					"$(inherited)",
				);
				GCC_WARN_64_TO_32_BIT_CONVERSION = YES;
				GCC_WARN_ABOUT_RETURN_TYPE = YES_ERROR;
				GCC_WARN_UNDECLARED_SELECTOR = YES;
				GCC_WARN_UNINITIALIZED_AUTOS = YES_AGGRESSIVE;
				GCC_WARN_UNUSED_FUNCTION = YES;
				GCC_WARN_UNUSED_VARIABLE = YES;
				IPHONEOS_DEPLOYMENT_TARGET = 15.5;
				MTL_ENABLE_DEBUG_INFO = INCLUDE_SOURCE;
				MTL_FAST_MATH = YES;
				ONLY_ACTIVE_ARCH = YES;
				SDKROOT = iphoneos;
				SWIFT_ACTIVE_COMPILATION_CONDITIONS = DEBUG;
				SWIFT_OPTIMIZATION_LEVEL = "-Onone";
			};
			name = Debug;
		};
		FE0315AA28AEB3AF00653436 /* Release */ = {
			isa = XCBuildConfiguration;
			buildSettings = {
				ALWAYS_SEARCH_USER_PATHS = NO;
				CLANG_ANALYZER_NONNULL = YES;
				CLANG_ANALYZER_NUMBER_OBJECT_CONVERSION = YES_AGGRESSIVE;
				CLANG_CXX_LANGUAGE_STANDARD = "gnu++17";
				CLANG_ENABLE_MODULES = YES;
				CLANG_ENABLE_OBJC_ARC = YES;
				CLANG_ENABLE_OBJC_WEAK = YES;
				CLANG_WARN_BLOCK_CAPTURE_AUTORELEASING = YES;
				CLANG_WARN_BOOL_CONVERSION = YES;
				CLANG_WARN_COMMA = YES;
				CLANG_WARN_CONSTANT_CONVERSION = YES;
				CLANG_WARN_DEPRECATED_OBJC_IMPLEMENTATIONS = YES;
				CLANG_WARN_DIRECT_OBJC_ISA_USAGE = YES_ERROR;
				CLANG_WARN_DOCUMENTATION_COMMENTS = YES;
				CLANG_WARN_EMPTY_BODY = YES;
				CLANG_WARN_ENUM_CONVERSION = YES;
				CLANG_WARN_INFINITE_RECURSION = YES;
				CLANG_WARN_INT_CONVERSION = YES;
				CLANG_WARN_NON_LITERAL_NULL_CONVERSION = YES;
				CLANG_WARN_OBJC_IMPLICIT_RETAIN_SELF = YES;
				CLANG_WARN_OBJC_LITERAL_CONVERSION = YES;
				CLANG_WARN_OBJC_ROOT_CLASS = YES_ERROR;
				CLANG_WARN_QUOTED_INCLUDE_IN_FRAMEWORK_HEADER = YES;
				CLANG_WARN_RANGE_LOOP_ANALYSIS = YES;
				CLANG_WARN_STRICT_PROTOTYPES = YES;
				CLANG_WARN_SUSPICIOUS_MOVE = YES;
				CLANG_WARN_UNGUARDED_AVAILABILITY = YES_AGGRESSIVE;
				CLANG_WARN_UNREACHABLE_CODE = YES;
				CLANG_WARN__DUPLICATE_METHOD_MATCH = YES;
				COPY_PHASE_STRIP = NO;
				DEBUG_INFORMATION_FORMAT = "dwarf-with-dsym";
				ENABLE_NS_ASSERTIONS = NO;
				ENABLE_STRICT_OBJC_MSGSEND = YES;
				GCC_C_LANGUAGE_STANDARD = gnu11;
				GCC_NO_COMMON_BLOCKS = YES;
				GCC_WARN_64_TO_32_BIT_CONVERSION = YES;
				GCC_WARN_ABOUT_RETURN_TYPE = YES_ERROR;
				GCC_WARN_UNDECLARED_SELECTOR = YES;
				GCC_WARN_UNINITIALIZED_AUTOS = YES_AGGRESSIVE;
				GCC_WARN_UNUSED_FUNCTION = YES;
				GCC_WARN_UNUSED_VARIABLE = YES;
				IPHONEOS_DEPLOYMENT_TARGET = 15.5;
				MTL_ENABLE_DEBUG_INFO = NO;
				MTL_FAST_MATH = YES;
				SDKROOT = iphoneos;
				SWIFT_COMPILATION_MODE = wholemodule;
				SWIFT_OPTIMIZATION_LEVEL = "-O";
				VALIDATE_PRODUCT = YES;
			};
			name = Release;
		};
		FE0315AC28AEB3AF00653436 /* Debug */ = {
			isa = XCBuildConfiguration;
			buildSettings = {
				ASSETCATALOG_COMPILER_APPICON_NAME = AppIcon;
				ASSETCATALOG_COMPILER_GLOBAL_ACCENT_COLOR_NAME = AccentColor;
				CODE_SIGN_STYLE = Automatic;
				CURRENT_PROJECT_VERSION = 1;
				DEVELOPMENT_TEAM = ASUWX8C663;
				GENERATE_INFOPLIST_FILE = YES;
				INFOPLIST_FILE = prework/Info.plist;
				INFOPLIST_KEY_UIApplicationSupportsIndirectInputEvents = YES;
				INFOPLIST_KEY_UILaunchStoryboardName = LaunchScreen;
				INFOPLIST_KEY_UIMainStoryboardFile = Main;
				INFOPLIST_KEY_UISupportedInterfaceOrientations_iPad = "UIInterfaceOrientationPortrait UIInterfaceOrientationPortraitUpsideDown UIInterfaceOrientationLandscapeLeft UIInterfaceOrientationLandscapeRight";
				INFOPLIST_KEY_UISupportedInterfaceOrientations_iPhone = "UIInterfaceOrientationPortrait UIInterfaceOrientationLandscapeLeft UIInterfaceOrientationLandscapeRight";
				LD_RUNPATH_SEARCH_PATHS = (
					"$(inherited)",
					"@executable_path/Frameworks",
				);
				MARKETING_VERSION = 1.0;
				PRODUCT_BUNDLE_IDENTIFIER = Netzer7.prework;
				PRODUCT_NAME = "$(TARGET_NAME)";
				SWIFT_EMIT_LOC_STRINGS = YES;
				SWIFT_VERSION = 5.0;
				TARGETED_DEVICE_FAMILY = "1,2";
			};
			name = Debug;
		};
		FE0315AD28AEB3AF00653436 /* Release */ = {
			isa = XCBuildConfiguration;
			buildSettings = {
				ASSETCATALOG_COMPILER_APPICON_NAME = AppIcon;
				ASSETCATALOG_COMPILER_GLOBAL_ACCENT_COLOR_NAME = AccentColor;
				CODE_SIGN_STYLE = Automatic;
				CURRENT_PROJECT_VERSION = 1;
				DEVELOPMENT_TEAM = ASUWX8C663;
				GENERATE_INFOPLIST_FILE = YES;
				INFOPLIST_FILE = prework/Info.plist;
				INFOPLIST_KEY_UIApplicationSupportsIndirectInputEvents = YES;
				INFOPLIST_KEY_UILaunchStoryboardName = LaunchScreen;
				INFOPLIST_KEY_UIMainStoryboardFile = Main;
				INFOPLIST_KEY_UISupportedInterfaceOrientations_iPad = "UIInterfaceOrientationPortrait UIInterfaceOrientationPortraitUpsideDown UIInterfaceOrientationLandscapeLeft UIInterfaceOrientationLandscapeRight";
				INFOPLIST_KEY_UISupportedInterfaceOrientations_iPhone = "UIInterfaceOrientationPortrait UIInterfaceOrientationLandscapeLeft UIInterfaceOrientationLandscapeRight";
				LD_RUNPATH_SEARCH_PATHS = (
					"$(inherited)",
					"@executable_path/Frameworks",
				);
				MARKETING_VERSION = 1.0;
				PRODUCT_BUNDLE_IDENTIFIER = Netzer7.prework;
				PRODUCT_NAME = "$(TARGET_NAME)";
				SWIFT_EMIT_LOC_STRINGS = YES;
				SWIFT_VERSION = 5.0;
				TARGETED_DEVICE_FAMILY = "1,2";
			};
			name = Release;
		};
		FE0315AF28AEB3AF00653436 /* Debug */ = {
			isa = XCBuildConfiguration;
			buildSettings = {
				ALWAYS_EMBED_SWIFT_STANDARD_LIBRARIES = YES;
				BUNDLE_LOADER = "$(TEST_HOST)";
				CODE_SIGN_STYLE = Automatic;
				CURRENT_PROJECT_VERSION = 1;
				DEVELOPMENT_TEAM = ASUWX8C663;
				GENERATE_INFOPLIST_FILE = YES;
				IPHONEOS_DEPLOYMENT_TARGET = 15.5;
				MARKETING_VERSION = 1.0;
				PRODUCT_BUNDLE_IDENTIFIER = Netzer7.preworkTests;
				PRODUCT_NAME = "$(TARGET_NAME)";
				SWIFT_EMIT_LOC_STRINGS = NO;
				SWIFT_VERSION = 5.0;
				TARGETED_DEVICE_FAMILY = "1,2";
				TEST_HOST = "$(BUILT_PRODUCTS_DIR)/prework.app/prework";
			};
			name = Debug;
		};
		FE0315B028AEB3AF00653436 /* Release */ = {
			isa = XCBuildConfiguration;
			buildSettings = {
				ALWAYS_EMBED_SWIFT_STANDARD_LIBRARIES = YES;
				BUNDLE_LOADER = "$(TEST_HOST)";
				CODE_SIGN_STYLE = Automatic;
				CURRENT_PROJECT_VERSION = 1;
				DEVELOPMENT_TEAM = ASUWX8C663;
				GENERATE_INFOPLIST_FILE = YES;
				IPHONEOS_DEPLOYMENT_TARGET = 15.5;
				MARKETING_VERSION = 1.0;
				PRODUCT_BUNDLE_IDENTIFIER = Netzer7.preworkTests;
				PRODUCT_NAME = "$(TARGET_NAME)";
				SWIFT_EMIT_LOC_STRINGS = NO;
				SWIFT_VERSION = 5.0;
				TARGETED_DEVICE_FAMILY = "1,2";
				TEST_HOST = "$(BUILT_PRODUCTS_DIR)/prework.app/prework";
			};
			name = Release;
		};
		FE0315B228AEB3AF00653436 /* Debug */ = {
			isa = XCBuildConfiguration;
			buildSettings = {
				ALWAYS_EMBED_SWIFT_STANDARD_LIBRARIES = YES;
				CODE_SIGN_STYLE = Automatic;
				CURRENT_PROJECT_VERSION = 1;
				DEVELOPMENT_TEAM = ASUWX8C663;
				GENERATE_INFOPLIST_FILE = YES;
				MARKETING_VERSION = 1.0;
				PRODUCT_BUNDLE_IDENTIFIER = Netzer7.preworkUITests;
				PRODUCT_NAME = "$(TARGET_NAME)";
				SWIFT_EMIT_LOC_STRINGS = NO;
				SWIFT_VERSION = 5.0;
				TARGETED_DEVICE_FAMILY = "1,2";
				TEST_TARGET_NAME = prework;
			};
			name = Debug;
		};
		FE0315B328AEB3AF00653436 /* Release */ = {
			isa = XCBuildConfiguration;
			buildSettings = {
				ALWAYS_EMBED_SWIFT_STANDARD_LIBRARIES = YES;
				CODE_SIGN_STYLE = Automatic;
				CURRENT_PROJECT_VERSION = 1;
				DEVELOPMENT_TEAM = ASUWX8C663;
				GENERATE_INFOPLIST_FILE = YES;
				MARKETING_VERSION = 1.0;
				PRODUCT_BUNDLE_IDENTIFIER = Netzer7.preworkUITests;
				PRODUCT_NAME = "$(TARGET_NAME)";
				SWIFT_EMIT_LOC_STRINGS = NO;
				SWIFT_VERSION = 5.0;
				TARGETED_DEVICE_FAMILY = "1,2";
				TEST_TARGET_NAME = prework;
			};
			name = Release;
		};
/* End XCBuildConfiguration section */

/* Begin XCConfigurationList section */
		FE03157C28AEB3AC00653436 /* Build configuration list for PBXProject "prework" */ = {
			isa = XCConfigurationList;
			buildConfigurations = (
				FE0315A928AEB3AF00653436 /* Debug */,
				FE0315AA28AEB3AF00653436 /* Release */,
			);
			defaultConfigurationIsVisible = 0;
			defaultConfigurationName = Release;
		};
		FE0315AB28AEB3AF00653436 /* Build configuration list for PBXNativeTarget "prework" */ = {
			isa = XCConfigurationList;
			buildConfigurations = (
				FE0315AC28AEB3AF00653436 /* Debug */,
				FE0315AD28AEB3AF00653436 /* Release */,
			);
			defaultConfigurationIsVisible = 0;
			defaultConfigurationName = Release;
		};
		FE0315AE28AEB3AF00653436 /* Build configuration list for PBXNativeTarget "preworkTests" */ = {
			isa = XCConfigurationList;
			buildConfigurations = (
				FE0315AF28AEB3AF00653436 /* Debug */,
				FE0315B028AEB3AF00653436 /* Release */,
			);
			defaultConfigurationIsVisible = 0;
			defaultConfigurationName = Release;
		};
		FE0315B128AEB3AF00653436 /* Build configuration list for PBXNativeTarget "preworkUITests" */ = {
			isa = XCConfigurationList;
			buildConfigurations = (
				FE0315B228AEB3AF00653436 /* Debug */,
				FE0315B328AEB3AF00653436 /* Release */,
			);
			defaultConfigurationIsVisible = 0;
			defaultConfigurationName = Release;
		};
/* End XCConfigurationList section */
	};
	rootObject = FE03157928AEB3AC00653436 /* Project object */;
}
